<?xml version="1.0" encoding="utf-8"?>
<Project ToolsVersion="4.0" xmlns="http://schemas.microsoft.com/developer/msbuild/2003">
  <ItemGroup>
    <Filter Include="Source Files">
      <UniqueIdentifier>{4FC737F1-C7A5-4376-A066-2A32D752A2FF}</UniqueIdentifier>
      <Extensions>cpp;c;cc;cxx;def;odl;idl;hpj;bat;asm;asmx</Extensions>
    </Filter>
    <Filter Include="Header Files">
      <UniqueIdentifier>{93995380-89BD-4b04-88EB-625FBE52EBFB}</UniqueIdentifier>
      <Extensions>h;hh;hpp;hxx;hm;inl;inc;xsd</Extensions>
    </Filter>
    <Filter Include="Resource Files">
      <UniqueIdentifier>{67DA6AB6-F800-4c08-8B7A-83BB121AAD01}</UniqueIdentifier>
      <Extensions>rc;ico;cur;bmp;dlg;rc2;rct;bin;rgs;gif;jpg;jpeg;jpe;resx;tiff;tif;png;wav</Extensions>
    </Filter>
  </ItemGroup>
  <ItemGroup>
    <ClInclude Include="run_boy_run\library\packagecache\com.unity.ads%403.4.9\plugins\ios\UnityAdsPurchasingWrapper.h">
      <Filter>Header Files</Filter>
    </ClInclude>
    <ClInclude Include="run_boy_run\library\packagecache\com.unity.ads%403.4.9\plugins\ios\UnityAdsUtilities.h">
      <Filter>Header Files</Filter>
    </ClInclude>
    <ClInclude Include="run_boy_run\library\packagecache\com.unity.ads%403.4.9\plugins\ios\UnityJsonAdditions.h">
      <Filter>Header Files</Filter>
    </ClInclude>
    <ClInclude Include="run_boy_run\library\packagecache\com.unity.ads%403.4.9\plugins\ios\unityads.framework\headers\NSString+UnityAdsError.h">
      <Filter>Header Files</Filter>
    </ClInclude>
    <ClInclude Include="run_boy_run\library\packagecache\com.unity.ads%403.4.9\plugins\ios\unityads.framework\headers\UADSBanner.h">
      <Filter>Header Files</Filter>
    </ClInclude>
    <ClInclude Include="run_boy_run\library\packagecache\com.unity.ads%403.4.9\plugins\ios\unityads.framework\headers\UADSBannerError.h">
      <Filter>Header Files</Filter>
    </ClInclude>
    <ClInclude Include="run_boy_run\library\packagecache\com.unity.ads%403.4.9\plugins\ios\unityads.framework\headers\UADSBannerView.h">
      <Filter>Header Files</Filter>
    </ClInclude>
    <ClInclude Include="run_boy_run\library\packagecache\com.unity.ads%403.4.9\plugins\ios\unityads.framework\headers\UADSBannerViewDelegate.h">
      <Filter>Header Files</Filter>
    </ClInclude>
    <ClInclude Include="run_boy_run\library\packagecache\com.unity.ads%403.4.9\plugins\ios\unityads.framework\headers\UADSInAppPurchaseMetaData.h">
      <Filter>Header Files</Filter>
    </ClInclude>
    <ClInclude Include="run_boy_run\library\packagecache\com.unity.ads%403.4.9\plugins\ios\unityads.framework\headers\UADSMediationMetaData.h">
      <Filter>Header Files</Filter>
    </ClInclude>
    <ClInclude Include="run_boy_run\library\packagecache\com.unity.ads%403.4.9\plugins\ios\unityads.framework\headers\UADSMetaData.h">
      <Filter>Header Files</Filter>
    </ClInclude>
    <ClInclude Include="run_boy_run\library\packagecache\com.unity.ads%403.4.9\plugins\ios\unityads.framework\headers\UADSPlayerMetaData.h">
      <Filter>Header Files</Filter>
    </ClInclude>
    <ClInclude Include="run_boy_run\library\packagecache\com.unity.ads%403.4.9\plugins\ios\unityads.framework\headers\UADSPurchasing.h">
      <Filter>Header Files</Filter>
    </ClInclude>
    <ClInclude Include="run_boy_run\library\packagecache\com.unity.ads%403.4.9\plugins\ios\unityads.framework\headers\UANAApiAnalytics.h">
      <Filter>Header Files</Filter>
    </ClInclude>
    <ClInclude Include="run_boy_run\library\packagecache\com.unity.ads%403.4.9\plugins\ios\unityads.framework\headers\UMONCustomEvent.h">
      <Filter>Header Files</Filter>
    </ClInclude>
    <ClInclude Include="run_boy_run\library\packagecache\com.unity.ads%403.4.9\plugins\ios\unityads.framework\headers\UMONItem.h">
      <Filter>Header Files</Filter>
    </ClInclude>
    <ClInclude Include="run_boy_run\library\packagecache\com.unity.ads%403.4.9\plugins\ios\unityads.framework\headers\UMONNativePromoAdapter.h">
      <Filter>Header Files</Filter>
    </ClInclude>
    <ClInclude Include="run_boy_run\library\packagecache\com.unity.ads%403.4.9\plugins\ios\unityads.framework\headers\UMONPlacementContent.h">
      <Filter>Header Files</Filter>
    </ClInclude>
    <ClInclude Include="run_boy_run\library\packagecache\com.unity.ads%403.4.9\plugins\ios\unityads.framework\headers\UMONPromoAdPlacementContent.h">
      <Filter>Header Files</Filter>
    </ClInclude>
    <ClInclude Include="run_boy_run\library\packagecache\com.unity.ads%403.4.9\plugins\ios\unityads.framework\headers\UMONPromoMetaData.h">
      <Filter>Header Files</Filter>
    </ClInclude>
    <ClInclude Include="run_boy_run\library\packagecache\com.unity.ads%403.4.9\plugins\ios\unityads.framework\headers\UMONRewardablePlacementContent.h">
      <Filter>Header Files</Filter>
    </ClInclude>
    <ClInclude Include="run_boy_run\library\packagecache\com.unity.ads%403.4.9\plugins\ios\unityads.framework\headers\UMONShowAdPlacementContent.h">
      <Filter>Header Files</Filter>
    </ClInclude>
    <ClInclude Include="run_boy_run\library\packagecache\com.unity.ads%403.4.9\plugins\ios\unityads.framework\headers\UnityAds.h">
      <Filter>Header Files</Filter>
    </ClInclude>
    <ClInclude Include="run_boy_run\library\packagecache\com.unity.ads%403.4.9\plugins\ios\unityads.framework\headers\UnityAdsBannerDelegate.h">
      <Filter>Header Files</Filter>
    </ClInclude>
    <ClInclude Include="run_boy_run\library\packagecache\com.unity.ads%403.4.9\plugins\ios\unityads.framework\headers\UnityAdsDelegate.h">
      <Filter>Header Files</Filter>
    </ClInclude>
    <ClInclude Include="run_boy_run\library\packagecache\com.unity.ads%403.4.9\plugins\ios\unityads.framework\headers\UnityAdsError.h">
      <Filter>Header Files</Filter>
    </ClInclude>
    <ClInclude Include="run_boy_run\library\packagecache\com.unity.ads%403.4.9\plugins\ios\unityads.framework\headers\UnityAdsExtended.h">
      <Filter>Header Files</Filter>
    </ClInclude>
    <ClInclude Include="run_boy_run\library\packagecache\com.unity.ads%403.4.9\plugins\ios\unityads.framework\headers\UnityAdsExtendedDelegate.h">
      <Filter>Header Files</Filter>
    </ClInclude>
    <ClInclude Include="run_boy_run\library\packagecache\com.unity.ads%403.4.9\plugins\ios\unityads.framework\headers\UnityAdsFinishState.h">
      <Filter>Header Files</Filter>
    </ClInclude>
    <ClInclude Include="run_boy_run\library\packagecache\com.unity.ads%403.4.9\plugins\ios\unityads.framework\headers\UnityAdsPlacementState.h">
      <Filter>Header Files</Filter>
    </ClInclude>
    <ClInclude Include="run_boy_run\library\packagecache\com.unity.ads%403.4.9\plugins\ios\unityads.framework\headers\UnityAnalytics.h">
      <Filter>Header Files</Filter>
    </ClInclude>
    <ClInclude Include="run_boy_run\library\packagecache\com.unity.ads%403.4.9\plugins\ios\unityads.framework\headers\UnityAnalyticsAcquisitionType.h">
      <Filter>Header Files</Filter>
    </ClInclude>
    <ClInclude Include="run_boy_run\library\packagecache\com.unity.ads%403.4.9\plugins\ios\unityads.framework\headers\UnityMonetization.h">
      <Filter>Header Files</Filter>
    </ClInclude>
    <ClInclude Include="run_boy_run\library\packagecache\com.unity.ads%403.4.9\plugins\ios\unityads.framework\headers\UnityMonetizationDelegate.h">
      <Filter>Header Files</Filter>
    </ClInclude>
    <ClInclude Include="run_boy_run\library\packagecache\com.unity.ads%403.4.9\plugins\ios\unityads.framework\headers\UnityMonetizationPlacementContentState.h">
      <Filter>Header Files</Filter>
    </ClInclude>
    <ClInclude Include="run_boy_run\library\packagecache\com.unity.ads%403.4.9\plugins\ios\unityads.framework\headers\UnityServices.h">
      <Filter>Header Files</Filter>
    </ClInclude>
    <ClInclude Include="run_boy_run\library\packagecache\com.unity.ads%403.4.9\plugins\ios\unityads.framework\headers\UPURProduct.h">
      <Filter>Header Files</Filter>
    </ClInclude>
    <ClInclude Include="run_boy_run\library\packagecache\com.unity.ads%403.4.9\plugins\ios\unityads.framework\headers\UPURStore.h">
      <Filter>Header Files</Filter>
    </ClInclude>
    <ClInclude Include="run_boy_run\library\packagecache\com.unity.ads%403.4.9\plugins\ios\unityads.framework\headers\UPURTransactionDetails.h">
      <Filter>Header Files</Filter>
    </ClInclude>
    <ClInclude Include="run_boy_run\library\packagecache\com.unity.ads%403.4.9\plugins\ios\unityads.framework\headers\UPURTransactionError.h">
      <Filter>Header Files</Filter>
    </ClInclude>
    <ClInclude Include="run_boy_run\library\packagecache\com.unity.ads%403.4.9\plugins\ios\unityads.framework\headers\UPURTransactionErrorDetails.h">
      <Filter>Header Files</Filter>
    </ClInclude>
    <ClInclude Include="run_boy_run\library\packagecache\com.unity.ads%403.4.9\plugins\ios\unityads.framework\headers\USRVJsonStorage.h">
      <Filter>Header Files</Filter>
    </ClInclude>
    <ClInclude Include="run_boy_run\library\packagecache\com.unity.ads%403.4.9\plugins\ios\unityads.framework\headers\USRVUnityPurchasing.h">
      <Filter>Header Files</Filter>
    </ClInclude>
    <ClInclude Include="run_boy_run\library\packagecache\com.unity.ads%403.4.9\plugins\ios\unityads.framework\headers\USRVUnityPurchasingDelegate.h">
      <Filter>Header Files</Filter>
    </ClInclude>
  </ItemGroup>
  <ItemGroup>
    <None Include="run_boy_run\library\packagemanager\ProjectCache.bin">
      <Filter>Resource Files</Filter>
    </None>
    <None Include="run_boy_run\library\shadercache\0\0081e45cbaed26ae8237a814f01fd719.bin">
      <Filter>Resource Files</Filter>
    </None>
    <None Include="run_boy_run\library\shadercache\0\00e27e16285348591f24af5c0349f6db.bin">
      <Filter>Resource Files</Filter>
    </None>
    <None Include="run_boy_run\library\shadercache\0\021e6806782cb2088e1c9d65c27437a4.bin">
      <Filter>Resource Files</Filter>
    </None>
    <None Include="run_boy_run\library\shadercache\0\03e156570c57c1407de3cae157bb476d.bin">
      <Filter>Resource Files</Filter>
    </None>
    <None Include="run_boy_run\library\shadercache\0\04a18926844fea3a5733c8e3d4f19fa0.bin">
      <Filter>Resource Files</Filter>
    </None>
    <None Include="run_boy_run\library\shadercache\0\04ebbb5696c944e193e8ea73e08cf86e.bin">
      <Filter>Resource Files</Filter>
    </None>
    <None Include="run_boy_run\library\shadercache\0\05245ffa0314d2ffb1b1e9d3e465034d.bin">
      <Filter>Resource Files</Filter>
    </None>
    <None Include="run_boy_run\library\shadercache\0\0617fbc609b6f571134150f99a2e7f2b.bin">
      <Filter>Resource Files</Filter>
    </None>
    <None Include="run_boy_run\library\shadercache\0\06f62a720ab7fe741970e10ab693b151.bin">
      <Filter>Resource Files</Filter>
    </None>
    <None Include="run_boy_run\library\shadercache\0\07b8e6a30545403e28696f33250e46b8.bin">
      <Filter>Resource Files</Filter>
    </None>
    <None Include="run_boy_run\library\shadercache\0\07fbda6347b4056fade9f0fe7496791e.bin">
      <Filter>Resource Files</Filter>
    </None>
    <None Include="run_boy_run\library\shadercache\0\08de20ffe35e0877e524e1be72304c1f.bin">
      <Filter>Resource Files</Filter>
    </None>
    <None Include="run_boy_run\library\shadercache\0\0915603fcf6c11b4214838fedfce5c48.bin">
      <Filter>Resource Files</Filter>
    </None>
    <None Include="run_boy_run\library\shadercache\0\092013c4a7cae241fa83f5af3610fe96.bin">
      <Filter>Resource Files</Filter>
    </None>
    <None Include="run_boy_run\library\shadercache\0\0954db713a6b0bf41af81e3442557a29.bin">
      <Filter>Resource Files</Filter>
    </None>
    <None Include="run_boy_run\library\shadercache\0\0967034a51b47b1115335594857f1b32.bin">
      <Filter>Resource Files</Filter>
    </None>
    <None Include="run_boy_run\library\shadercache\0\09e5279b1434cdf9d20e1253000449c8.bin">
      <Filter>Resource Files</Filter>
    </None>
    <None Include="run_boy_run\library\shadercache\0\0a9318bc3ffb9542d427a066499be114.bin">
      <Filter>Resource Files</Filter>
    </None>
    <None Include="run_boy_run\library\shadercache\0\0b06c40c4fabb2c5035ab307389c5705.bin">
      <Filter>Resource Files</Filter>
    </None>
    <None Include="run_boy_run\library\shadercache\0\0c19bb0b5db7b5da817657188e55b4db.bin">
      <Filter>Resource Files</Filter>
    </None>
    <None Include="run_boy_run\library\shadercache\0\0dc6d1153c302f29f7ef5a606bdef40a.bin">
      <Filter>Resource Files</Filter>
    </None>
    <None Include="run_boy_run\library\shadercache\0\0fc9ff36084e835956578f64974236d0.bin">
      <Filter>Resource Files</Filter>
    </None>
    <None Include="run_boy_run\library\shadercache\1\10a5b94c2f264d02e0c1100bf6556b37.bin">
      <Filter>Resource Files</Filter>
    </None>
    <None Include="run_boy_run\library\shadercache\1\10a856683c78d44c06c860d93c16a7e3.bin">
      <Filter>Resource Files</Filter>
    </None>
    <None Include="run_boy_run\library\shadercache\1\113141e725b45311f10b5a658d523529.bin">
      <Filter>Resource Files</Filter>
    </None>
    <None Include="run_boy_run\library\shadercache\1\117ed99e2b46b66784179c76ca958df8.bin">
      <Filter>Resource Files</Filter>
    </None>
    <None Include="run_boy_run\library\shadercache\1\1193ccb3167e7a6a70ab7feebafc1893.bin">
      <Filter>Resource Files</Filter>
    </None>
    <None Include="run_boy_run\library\shadercache\1\11a2e9bad92a218e58be0d11decd9911.bin">
      <Filter>Resource Files</Filter>
    </None>
    <None Include="run_boy_run\library\shadercache\1\11b39f99331c74f3d7f116afaed1753b.bin">
      <Filter>Resource Files</Filter>
    </None>
    <None Include="run_boy_run\library\shadercache\1\121d0b62b6d4c73931669aaccc468873.bin">
      <Filter>Resource Files</Filter>
    </None>
    <None Include="run_boy_run\library\shadercache\1\123f677767258416469912e6de757ba3.bin">
      <Filter>Resource Files</Filter>
    </None>
    <None Include="run_boy_run\library\shadercache\1\12a0a5e63473a10225be0c26b9c155be.bin">
      <Filter>Resource Files</Filter>
    </None>
    <None Include="run_boy_run\library\shadercache\1\1361469b15ab37fa6271a0b56608eae4.bin">
      <Filter>Resource Files</Filter>
    </None>
    <None Include="run_boy_run\library\shadercache\1\13d33d9f5727c29ea27df5c560234d9b.bin">
      <Filter>Resource Files</Filter>
    </None>
    <None Include="run_boy_run\library\shadercache\1\15511632b4b315fc8025f5738d65df38.bin">
      <Filter>Resource Files</Filter>
    </None>
    <None Include="run_boy_run\library\shadercache\1\15e19ad286521e0705e40285a09e3f74.bin">
      <Filter>Resource Files</Filter>
    </None>
    <None Include="run_boy_run\library\shadercache\1\1759aac559f54cab6775ce465114a4b5.bin">
      <Filter>Resource Files</Filter>
    </None>
    <None Include="run_boy_run\library\shadercache\1\18a3e84c3c722c283abe3792af6f12ad.bin">
      <Filter>Resource Files</Filter>
    </None>
    <None Include="run_boy_run\library\shadercache\1\1a275d343623e06dfb4bb22fa9727708.bin">
      <Filter>Resource Files</Filter>
    </None>
    <None Include="run_boy_run\library\shadercache\1\1b40335a394aa1e70a6bef3277e80672.bin">
      <Filter>Resource Files</Filter>
    </None>
    <None Include="run_boy_run\library\shadercache\1\1ce321106e76511f5009112ee3385e15.bin">
      <Filter>Resource Files</Filter>
    </None>
    <None Include="run_boy_run\library\shadercache\1\1d02251db75f147b15570d78d70730fb.bin">
      <Filter>Resource Files</Filter>
    </None>
    <None Include="run_boy_run\library\shadercache\1\1d8ce346d91e6b84e9277f4e67f2fbbb.bin">
      <Filter>Resource Files</Filter>
    </None>
    <None Include="run_boy_run\library\shadercache\1\1d9dbe263660ad6e7d319b5a56c95875.bin">
      <Filter>Resource Files</Filter>
    </None>
    <None Include="run_boy_run\library\shadercache\1\1e0b5f062664c3a59276afe075dfb0a6.bin">
      <Filter>Resource Files</Filter>
    </None>
    <None Include="run_boy_run\library\shadercache\1\1f2af4f09bab55f1377f5dacb552b32a.bin">
      <Filter>Resource Files</Filter>
    </None>
    <None Include="run_boy_run\library\shadercache\1\1f79e97dfaeeb1fbc21917f2584f937e.bin">
      <Filter>Resource Files</Filter>
    </None>
    <None Include="run_boy_run\library\shadercache\1\1fc9ce3b8f76789ba3266a980b5807c8.bin">
      <Filter>Resource Files</Filter>
    </None>
    <None Include="run_boy_run\library\shadercache\2\224cca5429f8455667ce1683021df36d.bin">
      <Filter>Resource Files</Filter>
    </None>
    <None Include="run_boy_run\library\shadercache\2\23d65afb89037a222609ce9ebfe6b3fe.bin">
      <Filter>Resource Files</Filter>
    </None>
    <None Include="run_boy_run\library\shadercache\2\247c15bffe506963bacd8988ef0d9cfa.bin">
      <Filter>Resource Files</Filter>
    </None>
    <None Include="run_boy_run\library\shadercache\2\24e2e507fdf9ce8acfa717ef33324954.bin">
      <Filter>Resource Files</Filter>
    </None>
    <None Include="run_boy_run\library\shadercache\2\2502f4c3f87ff4364539c067edf35e6a.bin">
      <Filter>Resource Files</Filter>
    </None>
    <None Include="run_boy_run\library\shadercache\2\256e592b17129b703f2ce5bd97e33903.bin">
      <Filter>Resource Files</Filter>
    </None>
    <None Include="run_boy_run\library\shadercache\2\25e72fc55c9291331c8fe7c7c65451a8.bin">
      <Filter>Resource Files</Filter>
    </None>
    <None Include="run_boy_run\library\shadercache\2\264d718d0581534fc7ebfb1bd63dacef.bin">
      <Filter>Resource Files</Filter>
    </None>
    <None Include="run_boy_run\library\shadercache\2\26c39b0d06da6a63f3c59fed90746eab.bin">
      <Filter>Resource Files</Filter>
    </None>
    <None Include="run_boy_run\library\shadercache\2\26ca63101bafd482c1a01909de967af4.bin">
      <Filter>Resource Files</Filter>
    </None>
    <None Include="run_boy_run\library\shadercache\2\27020372a77302403d19a499710c1a1b.bin">
      <Filter>Resource Files</Filter>
    </None>
    <None Include="run_boy_run\library\shadercache\2\27abd841bc64f021a09145e44b6c60c4.bin">
      <Filter>Resource Files</Filter>
    </None>
    <None Include="run_boy_run\library\shadercache\2\28025bf2636f4939b54014f24f80c887.bin">
      <Filter>Resource Files</Filter>
    </None>
    <None Include="run_boy_run\library\shadercache\2\28a918ffaa1d424d3537bc1c71c7abae.bin">
      <Filter>Resource Files</Filter>
    </None>
    <None Include="run_boy_run\library\shadercache\2\28ec312e4a1506e9fe75e17f8eadb6ae.bin">
      <Filter>Resource Files</Filter>
    </None>
    <None Include="run_boy_run\library\shadercache\2\2981946881c4a6840488ad26c0b04f62.bin">
      <Filter>Resource Files</Filter>
    </None>
    <None Include="run_boy_run\library\shadercache\2\29f1c641f1ca0635268f5435c9a0a594.bin">
      <Filter>Resource Files</Filter>
    </None>
    <None Include="run_boy_run\library\shadercache\2\2c1960b9e8ad22c2c080054f09262fa6.bin">
      <Filter>Resource Files</Filter>
    </None>
    <None Include="run_boy_run\library\shadercache\2\2cdd50dc865ea735fc670fa1c3f770b0.bin">
      <Filter>Resource Files</Filter>
    </None>
    <None Include="run_boy_run\library\shadercache\2\2e60da3c5c28333bfe040a3d48d7d21b.bin">
      <Filter>Resource Files</Filter>
    </None>
    <None Include="run_boy_run\library\shadercache\2\2ee50494c5a20577f39eb53ee5a57336.bin">
      <Filter>Resource Files</Filter>
    </None>
    <None Include="run_boy_run\library\shadercache\3\3051b23a71ff1da3b24940d9dddd0ce3.bin">
      <Filter>Resource Files</Filter>
    </None>
    <None Include="run_boy_run\library\shadercache\3\309c2bb8f187954f055befc1e18c53f4.bin">
      <Filter>Resource Files</Filter>
    </None>
    <None Include="run_boy_run\library\shadercache\3\329b3f0cea2323aa6e077c70bb817355.bin">
      <Filter>Resource Files</Filter>
    </None>
    <None Include="run_boy_run\library\shadercache\3\32b8605d1469f7b5593b37f2704cb032.bin">
      <Filter>Resource Files</Filter>
    </None>
    <None Include="run_boy_run\library\shadercache\3\330fad0aa6a6cfd36497d2b382fc4fe4.bin">
      <Filter>Resource Files</Filter>
    </None>
    <None Include="run_boy_run\library\shadercache\3\33865a4e46e186b1419236a65dee6444.bin">
      <Filter>Resource Files</Filter>
    </None>
    <None Include="run_boy_run\library\shadercache\3\34f69e1753219a06bb27eaa450e6833d.bin">
      <Filter>Resource Files</Filter>
    </None>
    <None Include="run_boy_run\library\shadercache\3\3576a41dfad049d3963a9fbf2780ffd1.bin">
      <Filter>Resource Files</Filter>
    </None>
    <None Include="run_boy_run\library\shadercache\3\36f4345b9bfb4ee035dd8a56e41fb908.bin">
      <Filter>Resource Files</Filter>
    </None>
    <None Include="run_boy_run\library\shadercache\3\3747b29f8883af8128b260bb67d506dd.bin">
      <Filter>Resource Files</Filter>
    </None>
    <None Include="run_boy_run\library\shadercache\3\37c7bff7a007f7b3bc22e400b7e3c9ec.bin">
      <Filter>Resource Files</Filter>
    </None>
    <None Include="run_boy_run\library\shadercache\3\37d622fe87d306c82b5c66a3a2da6e87.bin">
      <Filter>Resource Files</Filter>
    </None>
    <None Include="run_boy_run\library\shadercache\3\38a9308d90d1edf3a2d4f11696c266ab.bin">
      <Filter>Resource Files</Filter>
    </None>
    <None Include="run_boy_run\library\shadercache\3\3930ad18516bb67858d30e8d836f6683.bin">
      <Filter>Resource Files</Filter>
    </None>
    <None Include="run_boy_run\library\shadercache\3\3b114ae689923e678665dcf8b87062ea.bin">
      <Filter>Resource Files</Filter>
    </None>
    <None Include="run_boy_run\library\shadercache\3\3dce528db6b036dd3b9e81db94fd5304.bin">
      <Filter>Resource Files</Filter>
    </None>
    <None Include="run_boy_run\library\shadercache\3\3dcfada7182a6aae3a977a96cb5c2f32.bin">
      <Filter>Resource Files</Filter>
    </None>
    <None Include="run_boy_run\library\shadercache\3\3e0df66485fa1ea0854fa529773d9c56.bin">
      <Filter>Resource Files</Filter>
    </None>
    <None Include="run_boy_run\library\shadercache\3\3e6635f2f19b7a3818ee058741e6b0ba.bin">
      <Filter>Resource Files</Filter>
    </None>
    <None Include="run_boy_run\library\shadercache\3\3e66f799746fe4f5e8d2175e00b94ba5.bin">
      <Filter>Resource Files</Filter>
    </None>
    <None Include="run_boy_run\library\shadercache\3\3e84ffa3abad3daf9baa67bd6807fc18.bin">
      <Filter>Resource Files</Filter>
    </None>
    <None Include="run_boy_run\library\shadercache\4\403c6179942780ce38e2a774bcc717eb.bin">
      <Filter>Resource Files</Filter>
    </None>
    <None Include="run_boy_run\library\shadercache\4\4050809f047e0cb90a85b3ae2204b82b.bin">
      <Filter>Resource Files</Filter>
    </None>
    <None Include="run_boy_run\library\shadercache\4\413f42a003ccf16a057d2fe940286959.bin">
      <Filter>Resource Files</Filter>
    </None>
    <None Include="run_boy_run\library\shadercache\4\414ed35d0edf2b0537dfbfbb74f01faf.bin">
      <Filter>Resource Files</Filter>
    </None>
    <None Include="run_boy_run\library\shadercache\4\428dcf7de04ed991181b33cb9fe8fdda.bin">
      <Filter>Resource Files</Filter>
    </None>
    <None Include="run_boy_run\library\shadercache\4\43baf83406dc234b57f26f61282d6236.bin">
      <Filter>Resource Files</Filter>
    </None>
    <None Include="run_boy_run\library\shadercache\4\44c3e4fdafe8b2e1406565754a9e0963.bin">
      <Filter>Resource Files</Filter>
    </None>
    <None Include="run_boy_run\library\shadercache\4\46c2e50b692b4d2cf65a8a6fca7cb36c.bin">
      <Filter>Resource Files</Filter>
    </None>
    <None Include="run_boy_run\library\shadercache\4\472a9d9e38a9d053bfedb030988dafbb.bin">
      <Filter>Resource Files</Filter>
    </None>
    <None Include="run_boy_run\library\shadercache\4\4796179ec1a5eddaea5f3049513491c3.bin">
      <Filter>Resource Files</Filter>
    </None>
    <None Include="run_boy_run\library\shadercache\4\47d52e952e20f603d14a58aa9c4eb2ff.bin">
      <Filter>Resource Files</Filter>
    </None>
    <None Include="run_boy_run\library\shadercache\4\483f5c215ea7a077953e5d875f4afdbd.bin">
      <Filter>Resource Files</Filter>
    </None>
    <None Include="run_boy_run\library\shadercache\4\4a93f707c00534adddb62ae2151d1653.bin">
      <Filter>Resource Files</Filter>
    </None>
    <None Include="run_boy_run\library\shadercache\4\4ab3c0859d0bd44a5fb6076e6640347f.bin">
      <Filter>Resource Files</Filter>
    </None>
    <None Include="run_boy_run\library\shadercache\4\4b04bb41a04a16c72d59548389815cd4.bin">
      <Filter>Resource Files</Filter>
    </None>
    <None Include="run_boy_run\library\shadercache\4\4e08da85b0543d27e3fe9e8fa687be78.bin">
      <Filter>Resource Files</Filter>
    </None>
    <None Include="run_boy_run\library\shadercache\4\4f64f577c8b8bfef9d6dd9add3bfaf52.bin">
      <Filter>Resource Files</Filter>
    </None>
    <None Include="run_boy_run\library\shadercache\5\502b24bb6e57d9032f1d6482c9658773.bin">
      <Filter>Resource Files</Filter>
    </None>
    <None Include="run_boy_run\library\shadercache\5\524ec3ab5e9c0c2339e942d72989160e.bin">
      <Filter>Resource Files</Filter>
    </None>
    <None Include="run_boy_run\library\shadercache\5\5262e563a64632ed2186c0edbb8d831a.bin">
      <Filter>Resource Files</Filter>
    </None>
    <None Include="run_boy_run\library\shadercache\5\52e48dc192857b94910a3573161946ca.bin">
      <Filter>Resource Files</Filter>
    </None>
    <None Include="run_boy_run\library\shadercache\5\52f22b7fa7908fd22025a2477f118f18.bin">
      <Filter>Resource Files</Filter>
    </None>
    <None Include="run_boy_run\library\shadercache\5\53257a4d3db1ca4fdfe27c907a5f1d09.bin">
      <Filter>Resource Files</Filter>
    </None>
    <None Include="run_boy_run\library\shadercache\5\53881f7f2e0ad7aa6d6c7200ffa7543f.bin">
      <Filter>Resource Files</Filter>
    </None>
    <None Include="run_boy_run\library\shadercache\5\538ae755a7a9ef3605da71385cb65f2d.bin">
      <Filter>Resource Files</Filter>
    </None>
    <None Include="run_boy_run\library\shadercache\5\53cd6687df078457458179c45989ce76.bin">
      <Filter>Resource Files</Filter>
    </None>
    <None Include="run_boy_run\library\shadercache\5\55dcbe7fcc83cedcb8f70adaedbaa9b1.bin">
      <Filter>Resource Files</Filter>
    </None>
    <None Include="run_boy_run\library\shadercache\5\56d6688cc0d72c272959fc726d5ef958.bin">
      <Filter>Resource Files</Filter>
    </None>
    <None Include="run_boy_run\library\shadercache\5\56d82fb3d0df2af3ea6f4caa9ef9b507.bin">
      <Filter>Resource Files</Filter>
    </None>
    <None Include="run_boy_run\library\shadercache\5\583e4f894b89176456b87a0f74225b5b.bin">
      <Filter>Resource Files</Filter>
    </None>
    <None Include="run_boy_run\library\shadercache\5\58407e97378bd8c74f72c96dddbad56e.bin">
      <Filter>Resource Files</Filter>
    </None>
    <None Include="run_boy_run\library\shadercache\5\58816f54a49f3f6fca003ea01649d025.bin">
      <Filter>Resource Files</Filter>
    </None>
    <None Include="run_boy_run\library\shadercache\5\58ed3a787ec112615a9de64ac8312552.bin">
      <Filter>Resource Files</Filter>
    </None>
    <None Include="run_boy_run\library\shadercache\5\5c84c3c11c56c46fff9356a1de1a4396.bin">
      <Filter>Resource Files</Filter>
    </None>
    <None Include="run_boy_run\library\shadercache\5\5d50d90d75596ffe5465b2417fd2c9b9.bin">
      <Filter>Resource Files</Filter>
    </None>
    <None Include="run_boy_run\library\shadercache\5\5e10853ce9173c128ac335a315c1efec.bin">
      <Filter>Resource Files</Filter>
    </None>
    <None Include="run_boy_run\library\shadercache\5\5e8b2a18f77af76084f5086d0f5a8a37.bin">
      <Filter>Resource Files</Filter>
    </None>
    <None Include="run_boy_run\library\shadercache\5\5efed125c9a727b4ba3d13b3f44ef240.bin">
      <Filter>Resource Files</Filter>
    </None>
    <None Include="run_boy_run\library\shadercache\5\5fd77862912b7345f113a7e92fbbed09.bin">
      <Filter>Resource Files</Filter>
    </None>
    <None Include="run_boy_run\library\shadercache\6\6091989f1f476418b36d6c54568b26cc.bin">
      <Filter>Resource Files</Filter>
    </None>
    <None Include="run_boy_run\library\shadercache\6\614a64f6c460fe8fcd008e70567d7922.bin">
      <Filter>Resource Files</Filter>
    </None>
    <None Include="run_boy_run\library\shadercache\6\6453243abfb3ef947b310368419cf961.bin">
      <Filter>Resource Files</Filter>
    </None>
    <None Include="run_boy_run\library\shadercache\6\647305730ff1adbd9edbed98777b1982.bin">
      <Filter>Resource Files</Filter>
    </None>
    <None Include="run_boy_run\library\shadercache\6\650af0e6c2f093798a166836354dc042.bin">
      <Filter>Resource Files</Filter>
    </None>
    <None Include="run_boy_run\library\shadercache\6\654cff2ba504cc7978a172dd0157de1f.bin">
      <Filter>Resource Files</Filter>
    </None>
    <None Include="run_boy_run\library\shadercache\6\65ce4cda7af53bea469a1e48722429c6.bin">
      <Filter>Resource Files</Filter>
    </None>
    <None Include="run_boy_run\library\shadercache\6\66c886af63e5c5b33b52b07060367b4a.bin">
      <Filter>Resource Files</Filter>
    </None>
    <None Include="run_boy_run\library\shadercache\6\6722d6db2de60c62d9f4128e2f3344b9.bin">
      <Filter>Resource Files</Filter>
    </None>
    <None Include="run_boy_run\library\shadercache\6\67fe8d48b8960f7612fb4e7d31d96197.bin">
      <Filter>Resource Files</Filter>
    </None>
    <None Include="run_boy_run\library\shadercache\6\68d6532f0c1b0cb7fda586432ab7cf3c.bin">
      <Filter>Resource Files</Filter>
    </None>
    <None Include="run_boy_run\library\shadercache\6\6a03a970733ae63f413b1efb441f8a2b.bin">
      <Filter>Resource Files</Filter>
    </None>
    <None Include="run_boy_run\library\shadercache\6\6b3ec304050cd7deb88bd2e1a1bfcd4d.bin">
      <Filter>Resource Files</Filter>
    </None>
    <None Include="run_boy_run\library\shadercache\6\6bbfe9983f051db23324d90831b548df.bin">
      <Filter>Resource Files</Filter>
    </None>
    <None Include="run_boy_run\library\shadercache\6\6bddf37d5819e55bb85cd998da15aaf1.bin">
      <Filter>Resource Files</Filter>
    </None>
    <None Include="run_boy_run\library\shadercache\6\6cc3f93d9c2bb73c1ff95653cd036594.bin">
      <Filter>Resource Files</Filter>
    </None>
    <None Include="run_boy_run\library\shadercache\6\6f0a55f8f151b5b6bc4bed641ff3525f.bin">
      <Filter>Resource Files</Filter>
    </None>
    <None Include="run_boy_run\library\shadercache\6\6f9ad3a97e0c77771ede3809afc14ffc.bin">
      <Filter>Resource Files</Filter>
    </None>
    <None Include="run_boy_run\library\shadercache\7\70af4b16e7cce954317cfff8ed877143.bin">
      <Filter>Resource Files</Filter>
    </None>
    <None Include="run_boy_run\library\shadercache\7\70df817366452d5a5b404fdb9fd16741.bin">
      <Filter>Resource Files</Filter>
    </None>
    <None Include="run_boy_run\library\shadercache\7\71046d9e22b9b64d969b3be90ed375c4.bin">
      <Filter>Resource Files</Filter>
    </None>
    <None Include="run_boy_run\library\shadercache\7\717dbeade2e003abcd81e85b37d9bb4c.bin">
      <Filter>Resource Files</Filter>
    </None>
    <None Include="run_boy_run\library\shadercache\7\73829714a7e93d8f77fa9ce6744a161f.bin">
      <Filter>Resource Files</Filter>
    </None>
    <None Include="run_boy_run\library\shadercache\7\7409d6883ca706f166e152eb04cc3f73.bin">
      <Filter>Resource Files</Filter>
    </None>
    <None Include="run_boy_run\library\shadercache\7\747636575353813c54623d9b626460ec.bin">
      <Filter>Resource Files</Filter>
    </None>
    <None Include="run_boy_run\library\shadercache\7\750b0791b84f9c2754ff67a8a06688c1.bin">
      <Filter>Resource Files</Filter>
    </None>
    <None Include="run_boy_run\library\shadercache\7\75da55f6e5fbafbcbad3958687955fec.bin">
      <Filter>Resource Files</Filter>
    </None>
    <None Include="run_boy_run\library\shadercache\7\763ac8dbba6fbb9ba0ab35496c052624.bin">
      <Filter>Resource Files</Filter>
    </None>
    <None Include="run_boy_run\library\shadercache\7\767f7abba5d18c3009fd4bf79259b870.bin">
      <Filter>Resource Files</Filter>
    </None>
    <None Include="run_boy_run\library\shadercache\7\76e7a65ad03a802707c59608e01c3627.bin">
      <Filter>Resource Files</Filter>
    </None>
    <None Include="run_boy_run\library\shadercache\7\77408c6b7e14ca35da7ea3f6537322f3.bin">
      <Filter>Resource Files</Filter>
    </None>
    <None Include="run_boy_run\library\shadercache\7\78aa76e41edac95ca363b82d5cc0d00a.bin">
      <Filter>Resource Files</Filter>
    </None>
    <None Include="run_boy_run\library\shadercache\7\79f035c52cca23e19f288276ed0bbb6d.bin">
      <Filter>Resource Files</Filter>
    </None>
    <None Include="run_boy_run\library\shadercache\7\7b4f56b2f89c6498ed7d20b111656c76.bin">
      <Filter>Resource Files</Filter>
    </None>
    <None Include="run_boy_run\library\shadercache\7\7b616ee812bcd9449e4a5b029983fdfd.bin">
      <Filter>Resource Files</Filter>
    </None>
    <None Include="run_boy_run\library\shadercache\7\7bcce458295c4047fa54f0fba096a7e8.bin">
      <Filter>Resource Files</Filter>
    </None>
    <None Include="run_boy_run\library\shadercache\7\7c2e7679c86e82f9f3b1d8dfa00014e1.bin">
      <Filter>Resource Files</Filter>
    </None>
    <None Include="run_boy_run\library\shadercache\7\7ce15c52ad8e0b53e8bf5c8d00b02f5c.bin">
      <Filter>Resource Files</Filter>
    </None>
    <None Include="run_boy_run\library\shadercache\7\7d77b4df9cd9d011572fbd3024c4701b.bin">
      <Filter>Resource Files</Filter>
    </None>
    <None Include="run_boy_run\library\shadercache\7\7d910f0c29602474222c146fd077ff4d.bin">
      <Filter>Resource Files</Filter>
    </None>
    <None Include="run_boy_run\library\shadercache\7\7e66b3a6fe123ba6078d502c03a77fdd.bin">
      <Filter>Resource Files</Filter>
    </None>
    <None Include="run_boy_run\library\shadercache\7\7f47eaf0c896529cea299f4da437b759.bin">
      <Filter>Resource Files</Filter>
    </None>
    <None Include="run_boy_run\library\shadercache\8\804e3f2cd813d78bb74553f7675ac15e.bin">
      <Filter>Resource Files</Filter>
    </None>
    <None Include="run_boy_run\library\shadercache\8\81bd5ac6fa4b6b485bd182b89af77707.bin">
      <Filter>Resource Files</Filter>
    </None>
    <None Include="run_boy_run\library\shadercache\8\823ab815a23ccbd9e67672f764ebcd74.bin">
      <Filter>Resource Files</Filter>
    </None>
    <None Include="run_boy_run\library\shadercache\8\831397cce11521ae36f02de962fce3b7.bin">
      <Filter>Resource Files</Filter>
    </None>
    <None Include="run_boy_run\library\shadercache\8\83dc8b07d6f66e3a8d87b3d87a4d9f6c.bin">
      <Filter>Resource Files</Filter>
    </None>
    <None Include="run_boy_run\library\shadercache\8\84f94e58b22277712591083e52e50fff.bin">
      <Filter>Resource Files</Filter>
    </None>
    <None Include="run_boy_run\library\shadercache\8\852f8fdd567652fa01f8f34c0fdb37b9.bin">
      <Filter>Resource Files</Filter>
    </None>
    <None Include="run_boy_run\library\shadercache\8\8908e9179296479d9350c4a07998eea0.bin">
      <Filter>Resource Files</Filter>
    </None>
    <None Include="run_boy_run\library\shadercache\8\8a0cfb619253689ceb90945a7ca790f4.bin">
      <Filter>Resource Files</Filter>
    </None>
    <None Include="run_boy_run\library\shadercache\8\8a92331cc37c5dba82f6485d4c40991c.bin">
      <Filter>Resource Files</Filter>
    </None>
    <None Include="run_boy_run\library\shadercache\8\8aaa3eb48fe5829553712399d7522a87.bin">
      <Filter>Resource Files</Filter>
    </None>
    <None Include="run_boy_run\library\shadercache\8\8ba0de8a6b6bce7fad0f5dd206ae46c3.bin">
      <Filter>Resource Files</Filter>
    </None>
    <None Include="run_boy_run\library\shadercache\8\8bb0621f5fac7ba8159529a8aac478da.bin">
      <Filter>Resource Files</Filter>
    </None>
    <None Include="run_boy_run\library\shadercache\8\8ce7399b441ded325286c8a8241148f7.bin">
      <Filter>Resource Files</Filter>
    </None>
    <None Include="run_boy_run\library\shadercache\8\8e9af772dc5cc79c2b2afd05549c4491.bin">
      <Filter>Resource Files</Filter>
    </None>
    <None Include="run_boy_run\library\shadercache\9\9021f63b9235c405f46ea6791986dc2d.bin">
      <Filter>Resource Files</Filter>
    </None>
    <None Include="run_boy_run\library\shadercache\9\916d7581d472019f0f236b085cc4faee.bin">
      <Filter>Resource Files</Filter>
    </None>
    <None Include="run_boy_run\library\shadercache\9\918846a250f03855583d93eca162578b.bin">
      <Filter>Resource Files</Filter>
    </None>
    <None Include="run_boy_run\library\shadercache\9\91da726a2271f87785166d44d8cf2228.bin">
      <Filter>Resource Files</Filter>
    </None>
    <None Include="run_boy_run\library\shadercache\9\92f3ed2e679ede6ecd10c2f5d3f73a63.bin">
      <Filter>Resource Files</Filter>
    </None>
    <None Include="run_boy_run\library\shadercache\9\93d39eea868b12cbab99f5c558c26813.bin">
      <Filter>Resource Files</Filter>
    </None>
    <None Include="run_boy_run\library\shadercache\9\93ef5014a625af0854ad57ee7c15ebd5.bin">
      <Filter>Resource Files</Filter>
    </None>
    <None Include="run_boy_run\library\shadercache\9\945e50c2e7b6034e7031f086d893a748.bin">
      <Filter>Resource Files</Filter>
    </None>
    <None Include="run_boy_run\library\shadercache\9\94b5281abe3be2c0236c8f71e6779d54.bin">
      <Filter>Resource Files</Filter>
    </None>
    <None Include="run_boy_run\library\shadercache\9\95908d10c4643066569d9297c19e1981.bin">
      <Filter>Resource Files</Filter>
    </None>
    <None Include="run_boy_run\library\shadercache\9\985173d16aa9935ac9ba27b945111afd.bin">
      <Filter>Resource Files</Filter>
    </None>
    <None Include="run_boy_run\library\shadercache\9\9997e3a62cbc37a0c1144eb28b0cd7e0.bin">
      <Filter>Resource Files</Filter>
    </None>
    <None Include="run_boy_run\library\shadercache\9\9a0ca7c5b2bbfb52e5d052c8eff85971.bin">
      <Filter>Resource Files</Filter>
    </None>
    <None Include="run_boy_run\library\shadercache\9\9b3146904496f030c5bf5026f4c1c8e6.bin">
      <Filter>Resource Files</Filter>
    </None>
    <None Include="run_boy_run\library\shadercache\9\9d1bba4b33ada1a933cb405d43ed0451.bin">
      <Filter>Resource Files</Filter>
    </None>
    <None Include="run_boy_run\library\shadercache\9\9d1cf6d8f94ccd162a3ba53a5f98f499.bin">
      <Filter>Resource Files</Filter>
    </None>
    <None Include="run_boy_run\library\shadercache\9\9d9a85355669b3d6bf9ca16fea0b0c2e.bin">
      <Filter>Resource Files</Filter>
    </None>
    <None Include="run_boy_run\library\shadercache\9\9dd089f24b2926a6af095666973e4d54.bin">
      <Filter>Resource Files</Filter>
    </None>
    <None Include="run_boy_run\library\shadercache\9\9e2bac00392671125438d36ebe1d26c1.bin">
      <Filter>Resource Files</Filter>
    </None>
    <None Include="run_boy_run\library\shadercache\9\9e83c1da3bf6d9de90469b81837ac405.bin">
      <Filter>Resource Files</Filter>
    </None>
    <None Include="run_boy_run\library\shadercache\a\a0db5271b8f541dc011e20e4a758b37c.bin">
      <Filter>Resource Files</Filter>
    </None>
    <None Include="run_boy_run\library\shadercache\a\a2870ba428590abbfd84ad72475b1309.bin">
      <Filter>Resource Files</Filter>
    </None>
    <None Include="run_boy_run\library\shadercache\a\a2a624bde0a732c856bb817f5d48de9e.bin">
      <Filter>Resource Files</Filter>
    </None>
    <None Include="run_boy_run\library\shadercache\a\a2df193472c91900aaaec96e61ba02d0.bin">
      <Filter>Resource Files</Filter>
    </None>
    <None Include="run_boy_run\library\shadercache\a\a46bc1ead42888cd370c7cf8acb2745b.bin">
      <Filter>Resource Files</Filter>
    </None>
    <None Include="run_boy_run\library\shadercache\a\a4bb9c1203d2e8cd0b4aeba722dd28a1.bin">
      <Filter>Resource Files</Filter>
    </None>
    <None Include="run_boy_run\library\shadercache\a\a54130d42694aa36819a1167945d57b0.bin">
      <Filter>Resource Files</Filter>
    </None>
    <None Include="run_boy_run\library\shadercache\a\a55b701b4db520cd654544835f3b8013.bin">
      <Filter>Resource Files</Filter>
    </None>
    <None Include="run_boy_run\library\shadercache\a\a7cbe7900035aafc3d724228c961b83b.bin">
      <Filter>Resource Files</Filter>
    </None>
    <None Include="run_boy_run\library\shadercache\a\a7eabefe01cc7a6483deedb4beb36e36.bin">
      <Filter>Resource Files</Filter>
    </None>
    <None Include="run_boy_run\library\shadercache\a\a827ffe1516dcd6f48b600d6c0dc6baa.bin">
      <Filter>Resource Files</Filter>
    </None>
    <None Include="run_boy_run\library\shadercache\a\a85342ab76ac3db9d615486155b1d574.bin">
      <Filter>Resource Files</Filter>
    </None>
    <None Include="run_boy_run\library\shadercache\a\a87d2a6da901b31bdca0631e82a1d79d.bin">
      <Filter>Resource Files</Filter>
    </None>
    <None Include="run_boy_run\library\shadercache\a\a913ecf02f2cbadbfd7d5467ec021e9d.bin">
      <Filter>Resource Files</Filter>
    </None>
    <None Include="run_boy_run\library\shadercache\a\a975fea61d0d4b907f619e3328b759e3.bin">
      <Filter>Resource Files</Filter>
    </None>
    <None Include="run_boy_run\library\shadercache\a\a9d8d8040e8af8c1109ba21f8da1e5b2.bin">
      <Filter>Resource Files</Filter>
    </None>
    <None Include="run_boy_run\library\shadercache\a\aa9faacdcd7a1b2692086e2c2237f57d.bin">
      <Filter>Resource Files</Filter>
    </None>
    <None Include="run_boy_run\library\shadercache\a\ab572c1073df21f7e0d3ecc1b6755f27.bin">
      <Filter>Resource Files</Filter>
    </None>
    <None Include="run_boy_run\library\shadercache\a\ab84b61c759f077efeef69fabd188f7e.bin">
      <Filter>Resource Files</Filter>
    </None>
    <None Include="run_boy_run\library\shadercache\a\af2305b56e29270b43577eb008f6581b.bin">
      <Filter>Resource Files</Filter>
    </None>
    <None Include="run_boy_run\library\shadercache\a\af2fa64df435cde08d0afc72d92145ff.bin">
      <Filter>Resource Files</Filter>
    </None>
    <None Include="run_boy_run\library\shadercache\a\aff7dc97a45cfd0bf1681a2ae2279579.bin">
      <Filter>Resource Files</Filter>
    </None>
    <None Include="run_boy_run\library\shadercache\b\b00d42e9f2407aa5dd33a9c1163bedc1.bin">
      <Filter>Resource Files</Filter>
    </None>
    <None Include="run_boy_run\library\shadercache\b\b0e3877337b11303e1084ffcb1bb1630.bin">
      <Filter>Resource Files</Filter>
    </None>
    <None Include="run_boy_run\library\shadercache\b\b3a0b2ff1997180317d02f144c7a831b.bin">
      <Filter>Resource Files</Filter>
    </None>
    <None Include="run_boy_run\library\shadercache\b\b3f99d226475ecb2e69699d6bace641e.bin">
      <Filter>Resource Files</Filter>
    </None>
    <None Include="run_boy_run\library\shadercache\b\b44b97a18c1f951ab4a7a559894848a5.bin">
      <Filter>Resource Files</Filter>
    </None>
    <None Include="run_boy_run\library\shadercache\b\b55ac3c558009da7d103e039cd8500f6.bin">
      <Filter>Resource Files</Filter>
    </None>
    <None Include="run_boy_run\library\shadercache\b\b6304d274fcd2025666b788cdf4a3eb3.bin">
      <Filter>Resource Files</Filter>
    </None>
    <None Include="run_boy_run\library\shadercache\b\b69a6b03690b70f56887fbafef811885.bin">
      <Filter>Resource Files</Filter>
    </None>
    <None Include="run_boy_run\library\shadercache\b\b74ffdf1b552e3a567287f04cbb160ab.bin">
      <Filter>Resource Files</Filter>
    </None>
    <None Include="run_boy_run\library\shadercache\b\b83bb85e017e2a6bae494fb723710117.bin">
      <Filter>Resource Files</Filter>
    </None>
    <None Include="run_boy_run\library\shadercache\b\b83e8a0510cd69f6c28bac8bf230d3af.bin">
      <Filter>Resource Files</Filter>
    </None>
    <None Include="run_boy_run\library\shadercache\b\b8f2d3c0c01f123bc73fca724bf31bd2.bin">
      <Filter>Resource Files</Filter>
    </None>
    <None Include="run_boy_run\library\shadercache\b\bb525f74ef2cda8f833149cf2d2d986b.bin">
      <Filter>Resource Files</Filter>
    </None>
    <None Include="run_boy_run\library\shadercache\b\bbc073f861062862c331ad600554c078.bin">
      <Filter>Resource Files</Filter>
    </None>
    <None Include="run_boy_run\library\shadercache\b\bc03e7660af760d40341eda95b2124c6.bin">
      <Filter>Resource Files</Filter>
    </None>
    <None Include="run_boy_run\library\shadercache\b\bc4ae1ad6f4d42e86a2823d25260b0a9.bin">
      <Filter>Resource Files</Filter>
    </None>
    <None Include="run_boy_run\library\shadercache\b\bcd8232938d05d3567d8f01534ffd890.bin">
      <Filter>Resource Files</Filter>
    </None>
    <None Include="run_boy_run\library\shadercache\b\be65dfe1bd15d74e848573d092880bbf.bin">
      <Filter>Resource Files</Filter>
    </None>
    <None Include="run_boy_run\library\shadercache\c\c02415ad41ccc757b910f0590fd6a22a.bin">
      <Filter>Resource Files</Filter>
    </None>
    <None Include="run_boy_run\library\shadercache\c\c06f7ddcf96d93d355f29309a93cc35a.bin">
      <Filter>Resource Files</Filter>
    </None>
    <None Include="run_boy_run\library\shadercache\c\c08aca9ddf8d4f12f1fa8fa0c96d1f16.bin">
      <Filter>Resource Files</Filter>
    </None>
    <None Include="run_boy_run\library\shadercache\c\c0f0f4f57e4cedb27991184853d81756.bin">
      <Filter>Resource Files</Filter>
    </None>
    <None Include="run_boy_run\library\shadercache\c\c236a202a7146d22fbd37e04b07cc736.bin">
      <Filter>Resource Files</Filter>
    </None>
    <None Include="run_boy_run\library\shadercache\c\c3e40ed80f588d5f11acd46fb8ae3f97.bin">
      <Filter>Resource Files</Filter>
    </None>
    <None Include="run_boy_run\library\shadercache\c\c43b4508640c43160c0d3d8066dd452c.bin">
      <Filter>Resource Files</Filter>
    </None>
    <None Include="run_boy_run\library\shadercache\c\c4932689a51fa730aa8f525f24491fdc.bin">
      <Filter>Resource Files</Filter>
    </None>
    <None Include="run_boy_run\library\shadercache\c\c4de9bffa68239737828a31e0e24337f.bin">
      <Filter>Resource Files</Filter>
    </None>
    <None Include="run_boy_run\library\shadercache\c\c4f6f1600a00f17220cd80b7fb7666c5.bin">
      <Filter>Resource Files</Filter>
    </None>
    <None Include="run_boy_run\library\shadercache\c\c56f783caaa4df627f9aeea95a4f5db2.bin">
      <Filter>Resource Files</Filter>
    </None>
    <None Include="run_boy_run\library\shadercache\c\c6ec2e655b04e3eb4b616cc817f9547d.bin">
      <Filter>Resource Files</Filter>
    </None>
    <None Include="run_boy_run\library\shadercache\c\c72b0c910e3f89791794b9a6643230d3.bin">
      <Filter>Resource Files</Filter>
    </None>
    <None Include="run_boy_run\library\shadercache\c\c7d1665e46c99b85ccc71e3411eb4211.bin">
      <Filter>Resource Files</Filter>
    </None>
    <None Include="run_boy_run\library\shadercache\c\c90dc5cf568e83350bdf41a3d1396a64.bin">
      <Filter>Resource Files</Filter>
    </None>
    <None Include="run_boy_run\library\shadercache\c\cbabaa2840561e5b2f4f6687be9779d6.bin">
      <Filter>Resource Files</Filter>
    </None>
    <None Include="run_boy_run\library\shadercache\c\cd2eb1dba9876fd3e0175108a84dce12.bin">
      <Filter>Resource Files</Filter>
    </None>
    <None Include="run_boy_run\library\shadercache\c\cd7135975eb3d8ec2c8cdcd9b34baef5.bin">
      <Filter>Resource Files</Filter>
    </None>
    <None Include="run_boy_run\library\shadercache\c\cddab934ebc4163f9796d161faabbfc2.bin">
      <Filter>Resource Files</Filter>
    </None>
    <None Include="run_boy_run\library\shadercache\c\cdf91433c671dc1be3636ad8db45cff7.bin">
      <Filter>Resource Files</Filter>
    </None>
    <None Include="run_boy_run\library\shadercache\c\ce44f87343953ea7bec5c12869bfc887.bin">
      <Filter>Resource Files</Filter>
    </None>
    <None Include="run_boy_run\library\shadercache\d\d1a80aff268a9960af6863583e7c2b65.bin">
      <Filter>Resource Files</Filter>
    </None>
    <None Include="run_boy_run\library\shadercache\d\d1ffe11c8bc239db8aacb801815fdc91.bin">
      <Filter>Resource Files</Filter>
    </None>
    <None Include="run_boy_run\library\shadercache\d\d4375e1f2bd9af1adab9bae2092e578a.bin">
      <Filter>Resource Files</Filter>
    </None>
    <None Include="run_boy_run\library\shadercache\d\d4bb66579fefd9248b9a0f0e6604efc1.bin">
      <Filter>Resource Files</Filter>
    </None>
    <None Include="run_boy_run\library\shadercache\d\d516363b88423ce20845352d5f0cfb93.bin">
      <Filter>Resource Files</Filter>
    </None>
    <None Include="run_boy_run\library\shadercache\d\d5ea5b789d77dd74997e25096923528e.bin">
      <Filter>Resource Files</Filter>
    </None>
    <None Include="run_boy_run\library\shadercache\d\d628a384dff237a8423f084b8a6a4092.bin">
      <Filter>Resource Files</Filter>
    </None>
    <None Include="run_boy_run\library\shadercache\d\d7b480ad4d32a00447ad0cf4b1842c84.bin">
      <Filter>Resource Files</Filter>
    </None>
    <None Include="run_boy_run\library\shadercache\d\d7bca7cd23ad58d6c825cfbd03975bdf.bin">
      <Filter>Resource Files</Filter>
    </None>
    <None Include="run_boy_run\library\shadercache\d\d7dc64106041c042797726cf18482d1f.bin">
      <Filter>Resource Files</Filter>
    </None>
    <None Include="run_boy_run\library\shadercache\d\d89ce38378d28b5d17a6043fc63a59c4.bin">
      <Filter>Resource Files</Filter>
    </None>
    <None Include="run_boy_run\library\shadercache\d\d92fd31fe1ee900f97caec35930c3f8e.bin">
      <Filter>Resource Files</Filter>
    </None>
    <None Include="run_boy_run\library\shadercache\d\d9a2be1072a05c710cce61063a933370.bin">
      <Filter>Resource Files</Filter>
    </None>
    <None Include="run_boy_run\library\shadercache\d\daf02481985b87396cee287f0eeca7b1.bin">
      <Filter>Resource Files</Filter>
    </None>
    <None Include="run_boy_run\library\shadercache\d\dd085c9bca1d000d2aa52dc0a1fb3a3f.bin">
      <Filter>Resource Files</Filter>
    </None>
    <None Include="run_boy_run\library\shadercache\d\ddd5dfe7a114bb79362bac0e91618418.bin">
      <Filter>Resource Files</Filter>
    </None>
    <None Include="run_boy_run\library\shadercache\d\de210c1b05b7efabfff8e92fa046d7ea.bin">
      <Filter>Resource Files</Filter>
    </None>
    <None Include="run_boy_run\library\shadercache\d\de89753dd3bfdc1133d7e41bbacb6e61.bin">
      <Filter>Resource Files</Filter>
    </None>
    <None Include="run_boy_run\library\shadercache\d\dec5612f3e7f6c107a494d2b21416914.bin">
      <Filter>Resource Files</Filter>
    </None>
    <None Include="run_boy_run\library\shadercache\d\df1086aacc6a025f6743d94fc44c306b.bin">
      <Filter>Resource Files</Filter>
    </None>
    <None Include="run_boy_run\library\shadercache\e\e01cce834b8f68fb2d2c5ca82780b527.bin">
      <Filter>Resource Files</Filter>
    </None>
    <None Include="run_boy_run\library\shadercache\e\e1159607643e63d616dd2f8a9eaba109.bin">
      <Filter>Resource Files</Filter>
    </None>
    <None Include="run_boy_run\library\shadercache\e\e24cb03dfdf9967949245024b86989cd.bin">
      <Filter>Resource Files</Filter>
    </None>
    <None Include="run_boy_run\library\shadercache\e\e304506681d7eeac56a383d7f626079f.bin">
      <Filter>Resource Files</Filter>
    </None>
    <None Include="run_boy_run\library\shadercache\e\e4877b527511bb8e2e98deec821b2cdc.bin">
      <Filter>Resource Files</Filter>
    </None>
    <None Include="run_boy_run\library\shadercache\e\e51ffb2b77f2043687ab543a17375c8c.bin">
      <Filter>Resource Files</Filter>
    </None>
    <None Include="run_boy_run\library\shadercache\e\e7100d3660d63b3bb9b62617f66fd3d0.bin">
      <Filter>Resource Files</Filter>
    </None>
    <None Include="run_boy_run\library\shadercache\e\e8fdface69c80771f3dd93eacafa9b76.bin">
      <Filter>Resource Files</Filter>
    </None>
    <None Include="run_boy_run\library\shadercache\e\eb1fe1a9a9747dcc057a81410f4d50c8.bin">
      <Filter>Resource Files</Filter>
    </None>
    <None Include="run_boy_run\library\shadercache\e\ed15dc0fea4bcd94b651d8791c18de8a.bin">
      <Filter>Resource Files</Filter>
    </None>
    <None Include="run_boy_run\library\shadercache\e\eeed8f3cf5a946a11c6e2998f9b98478.bin">
      <Filter>Resource Files</Filter>
    </None>
    <None Include="run_boy_run\library\shadercache\e\efc2592d98aa6c7813c1d98b48419357.bin">
      <Filter>Resource Files</Filter>
    </None>
    <None Include="run_boy_run\library\shadercache\f\f0d3e152cbc4c118472c62cb29baf9f1.bin">
      <Filter>Resource Files</Filter>
    </None>
    <None Include="run_boy_run\library\shadercache\f\f0d479d4084cd828bb8968d1e6d385d4.bin">
      <Filter>Resource Files</Filter>
    </None>
    <None Include="run_boy_run\library\shadercache\f\f26ce4703f9f15439a1e705779782dd7.bin">
      <Filter>Resource Files</Filter>
    </None>
    <None Include="run_boy_run\library\shadercache\f\f383661a54a3f288775bf7606e046839.bin">
      <Filter>Resource Files</Filter>
    </None>
    <None Include="run_boy_run\library\shadercache\f\f3eef89705c7388245a9044eaacb4164.bin">
      <Filter>Resource Files</Filter>
    </None>
    <None Include="run_boy_run\library\shadercache\f\f40cb5ba7f5f1580f7629d12cf8c42a1.bin">
      <Filter>Resource Files</Filter>
    </None>
    <None Include="run_boy_run\library\shadercache\f\f4d23d3b36cf7da1a1d17f5ae287b336.bin">
      <Filter>Resource Files</Filter>
    </None>
    <None Include="run_boy_run\library\shadercache\f\f569a834bc72107cd8553f81142b98cf.bin">
      <Filter>Resource Files</Filter>
    </None>
    <None Include="run_boy_run\library\shadercache\f\f663e30bd37a071642bdf84c0e0383c9.bin">
      <Filter>Resource Files</Filter>
    </None>
    <None Include="run_boy_run\library\shadercache\f\f69facb72d5ef8636d1a94637882d11f.bin">
      <Filter>Resource Files</Filter>
    </None>
    <None Include="run_boy_run\library\shadercache\f\f6a984f5c300296ead6f69724f7de13d.bin">
      <Filter>Resource Files</Filter>
    </None>
    <None Include="run_boy_run\library\shadercache\f\f6b0b0d46a8ba90a7b0e910d3d68217f.bin">
      <Filter>Resource Files</Filter>
    </None>
    <None Include="run_boy_run\library\shadercache\f\f7580fa8743248c2572f6de19cd3c123.bin">
      <Filter>Resource Files</Filter>
    </None>
    <None Include="run_boy_run\library\shadercache\f\fa784cd501af1fcce4cddf48576341ac.bin">
      <Filter>Resource Files</Filter>
    </None>
    <None Include="run_boy_run\library\shadercache\f\fb0584ac615038a9b2d687a8ac189c13.bin">
      <Filter>Resource Files</Filter>
    </None>
    <None Include="run_boy_run\library\shadercache\f\fb6d25840caa11246f1464f7940168c0.bin">
      <Filter>Resource Files</Filter>
    </None>
    <None Include="run_boy_run\library\shadercache\f\fc08ae71328a61395a79f6196f47c2c9.bin">
      <Filter>Resource Files</Filter>
    </None>
    <None Include="run_boy_run\library\shadercache\f\fc6c306067edb0c88a6890d5b845ca47.bin">
      <Filter>Resource Files</Filter>
    </None>
    <None Include="run_boy_run\library\shadercache\f\fde0d73ae0afdb198856304e481c06d7.bin">
      <Filter>Resource Files</Filter>
    </None>
    <None Include="run_boy_run\library\shadercache\f\fff70b7049ef158f36b5e4ee14be9245.bin">
      <Filter>Resource Files</Filter>
    </None>
    <None Include="run_boy_run\library\packagecache\com.unity.ads%403.4.9\runtime\advertisement\UnityEngine.Advertisements.asmdef" />
    <None Include="run_boy_run\library\packagecache\com.unity.ads%403.4.9\runtime\monetization\UnityEngine.Monetization.asmdef" />
    <None Include="run_boy_run\library\packagecache\com.unity.ads%403.4.9\tests\editor\advertisement\UnityEngine.Advertisements.Editor.Tests.asmdef" />
    <None Include="run_boy_run\library\packagecache\com.unity.ads%403.4.9\tests\editor\monetization\UnityEngine.Monetization.Editor.Tests.asmdef" />
    <None Include="run_boy_run\library\packagecache\com.unity.ads%403.4.9\tests\runtime\advertisement\UnityEngine.Advertisements.Tests.asmdef" />
    <None Include="run_boy_run\library\packagecache\com.unity.analytics%403.3.5\dataprivacy\Unity.Analytics.DataPrivacy.asmdef" />
    <None Include="run_boy_run\library\packagecache\com.unity.analytics%403.3.5\tests\editor\Unity.Analytics.StandardEvents.EditorTests.asmdef" />
    <None Include="run_boy_run\library\packagecache\com.unity.analytics%403.3.5\tests\runtime\Unity.Analytics.DataPrivacy.Tests.asmdef" />
    <None Include="run_boy_run\library\packagecache\com.unity.collab-proxy%401.3.9\editor\Unity.CollabProxy.Editor.asmdef" />
    <None Include="run_boy_run\library\packagecache\com.unity.collab-proxy%401.3.9\tests\editor\Unity.CollabProxy.EditorTests.asmdef" />
    <None Include="run_boy_run\library\packagecache\com.unity.ide.rider%401.2.1\rider\editor\com.unity.ide.rider.asmdef" />
    <None Include="run_boy_run\library\packagecache\com.unity.ide.visualstudio%402.0.2\editor\com.unity.ide.visualstudio.asmdef" />
    <None Include="run_boy_run\library\packagecache\com.unity.ide.vscode%401.2.1\editor\Unity.com.unity.vscode.Editor.asmdef" />
    <None Include="run_boy_run\library\packagecache\com.unity.purchasing%402.1.0\editor\managed\UnityEditor.Purchasing.asmdef" />
    <None Include="run_boy_run\library\packagecache\com.unity.purchasing%402.1.0\runtime\managed\purchasing\UnityEngine.Purchasing.asmdef" />
    <None Include="run_boy_run\library\packagecache\com.unity.purchasing%402.1.0\tests\editor\UnityEditor.Purchasing.EditorTests.asmdef" />
    <None Include="run_boy_run\library\packagecache\com.unity.purchasing%402.1.0\tests\runtime\UnityEngine.Purchasing.RuntimeTests.asmdef" />
    <None Include="run_boy_run\library\packagecache\com.unity.test-framework%401.1.16\unityeditor.testrunner\UnityEditor.TestRunner.asmdef" />
    <None Include="run_boy_run\library\packagecache\com.unity.test-framework%401.1.16\unityengine.testrunner\UnityEngine.TestRunner.asmdef" />
    <None Include="run_boy_run\library\packagecache\com.unity.textmeshpro%403.0.1\scripts\editor\Unity.TextMeshPro.Editor.asmdef" />
    <None Include="run_boy_run\library\packagecache\com.unity.textmeshpro%403.0.1\scripts\runtime\Unity.TextMeshPro.asmdef" />
    <None Include="run_boy_run\library\packagecache\com.unity.textmeshpro%403.0.1\tests\editor\Unity.TextMeshPro.Editor.Tests.asmdef" />
    <None Include="run_boy_run\library\packagecache\com.unity.textmeshpro%403.0.1\tests\runtime\Unity.TextMeshPro.Tests.asmdef" />
    <None Include="run_boy_run\library\packagecache\com.unity.timeline%401.2.6\editor\Unity.Timeline.Editor.asmdef" />
    <None Include="run_boy_run\library\packagecache\com.unity.timeline%401.2.6\runtime\Unity.Timeline.asmdef" />
  </ItemGroup>
</Project>